{
  "version": 4,
  "terraform_version": "1.5.0",
  "serial": 41,
  "lineage": "42008df7-95f9-debf-8fcb-e04158f2c5e7",
  "outputs": {
    "load_balancer_ip": {
      "value": "34.8.95.33",
      "type": "string"
    }
  },
  "resources": [
    {
      "mode": "managed",
      "type": "google_compute_backend_service",
      "name": "backend_backend",
      "provider": "provider[\"registry.terraform.io/hashicorp/google\"]",
      "instances": [
        {
          "schema_version": 1,
          "attributes": {
            "affinity_cookie_ttl_sec": 0,
            "backend": [
              {
                "balancing_mode": "UTILIZATION",
                "capacity_scaler": 1,
                "description": "",
                "group": "https://www.googleapis.com/compute/v1/projects/nomadcrew-11fd4/regions/us-east1/networkEndpointGroups/backend-neg",
                "max_connections": 0,
                "max_connections_per_endpoint": 0,
                "max_connections_per_instance": 0,
                "max_rate": 0,
                "max_rate_per_endpoint": 0,
                "max_rate_per_instance": 0,
                "max_utilization": 0
              }
            ],
            "cdn_policy": [],
            "circuit_breakers": [],
            "compression_mode": "",
            "connection_draining_timeout_sec": 300,
            "consistent_hash": [],
            "creation_timestamp": "2025-03-10T15:17:48.796-07:00",
            "custom_request_headers": null,
            "custom_response_headers": null,
            "description": "",
            "edge_security_policy": "",
            "enable_cdn": false,
            "fingerprint": "9zaz6N1IdGQ=",
            "generated_id": 3357474005381733347,
            "health_checks": null,
            "iap": [],
            "id": "projects/nomadcrew-11fd4/global/backendServices/backend-backend",
            "ip_address_selection_policy": "",
            "load_balancing_scheme": "EXTERNAL",
            "locality_lb_policies": [],
            "locality_lb_policy": "",
            "log_config": [],
            "name": "backend-backend",
            "outlier_detection": [],
            "port_name": "http",
            "project": "nomadcrew-11fd4",
            "protocol": "HTTP",
            "security_policy": "",
            "security_settings": [],
            "self_link": "https://www.googleapis.com/compute/v1/projects/nomadcrew-11fd4/global/backendServices/backend-backend",
            "service_lb_policy": "",
            "session_affinity": "NONE",
            "strong_session_affinity_cookie": [],
            "timeout_sec": 30,
            "timeouts": null
          },
          "sensitive_attributes": [],
          "private": "eyJlMmJmYjczMC1lY2FhLTExZTYtOGY4OC0zNDM2M2JjN2M0YzAiOnsiY3JlYXRlIjoxMjAwMDAwMDAwMDAwLCJkZWxldGUiOjEyMDAwMDAwMDAwMDAsInVwZGF0ZSI6MTIwMDAwMDAwMDAwMH0sInNjaGVtYV92ZXJzaW9uIjoiMSJ9",
          "dependencies": [
            "google_compute_region_network_endpoint_group.backend_neg"
          ]
        }
      ]
    },
    {
      "mode": "managed",
      "type": "google_compute_backend_service",
      "name": "preview_backend",
      "provider": "provider[\"registry.terraform.io/hashicorp/google\"]",
      "instances": [
        {
          "schema_version": 1,
          "attributes": {
            "affinity_cookie_ttl_sec": 0,
            "backend": [
              {
                "balancing_mode": "UTILIZATION",
                "capacity_scaler": 1,
                "description": "",
                "group": "https://www.googleapis.com/compute/v1/projects/nomadcrew-11fd4/regions/us-east1/networkEndpointGroups/preview-neg",
                "max_connections": 0,
                "max_connections_per_endpoint": 0,
                "max_connections_per_instance": 0,
                "max_rate": 0,
                "max_rate_per_endpoint": 0,
                "max_rate_per_instance": 0,
                "max_utilization": 0
              }
            ],
            "cdn_policy": [],
            "circuit_breakers": [],
            "compression_mode": "",
            "connection_draining_timeout_sec": 300,
            "consistent_hash": [],
            "creation_timestamp": "2025-03-10T15:17:49.218-07:00",
            "custom_request_headers": null,
            "custom_response_headers": null,
            "description": "",
            "edge_security_policy": "",
            "enable_cdn": false,
            "fingerprint": "TDcW1BUvENI=",
            "generated_id": 598098929499954146,
            "health_checks": null,
            "iap": [],
            "id": "projects/nomadcrew-11fd4/global/backendServices/preview-backend",
            "ip_address_selection_policy": "",
            "load_balancing_scheme": "EXTERNAL",
            "locality_lb_policies": [],
            "locality_lb_policy": "",
            "log_config": [],
            "name": "preview-backend",
            "outlier_detection": [],
            "port_name": "http",
            "project": "nomadcrew-11fd4",
            "protocol": "HTTP",
            "security_policy": "",
            "security_settings": [],
            "self_link": "https://www.googleapis.com/compute/v1/projects/nomadcrew-11fd4/global/backendServices/preview-backend",
            "service_lb_policy": "",
            "session_affinity": "NONE",
            "strong_session_affinity_cookie": [],
            "timeout_sec": 30,
            "timeouts": null
          },
          "sensitive_attributes": [],
          "private": "eyJlMmJmYjczMC1lY2FhLTExZTYtOGY4OC0zNDM2M2JjN2M0YzAiOnsiY3JlYXRlIjoxMjAwMDAwMDAwMDAwLCJkZWxldGUiOjEyMDAwMDAwMDAwMDAsInVwZGF0ZSI6MTIwMDAwMDAwMDAwMH0sInNjaGVtYV92ZXJzaW9uIjoiMSJ9",
          "dependencies": [
            "google_compute_region_network_endpoint_group.preview_neg"
          ]
        }
      ]
    },
    {
      "mode": "managed",
      "type": "google_compute_global_address",
      "name": "nomadcrew_lb_ip",
      "provider": "provider[\"registry.terraform.io/hashicorp/google\"]",
      "instances": [
        {
          "schema_version": 0,
          "attributes": {
            "address": "34.8.95.33",
            "address_type": "EXTERNAL",
            "creation_timestamp": "2025-03-10T15:17:37.199-07:00",
            "description": "",
            "effective_labels": {
              "goog-terraform-provisioned": "true"
            },
            "id": "projects/nomadcrew-11fd4/global/addresses/nomadcrew-lb-ip",
            "ip_version": "",
            "label_fingerprint": "vezUS-42LLM=",
            "labels": null,
            "name": "nomadcrew-lb-ip",
            "network": "",
            "prefix_length": 0,
            "project": "nomadcrew-11fd4",
            "purpose": "",
            "self_link": "https://www.googleapis.com/compute/v1/projects/nomadcrew-11fd4/global/addresses/nomadcrew-lb-ip",
            "terraform_labels": {
              "goog-terraform-provisioned": "true"
            },
            "timeouts": null
          },
          "sensitive_attributes": [],
          "private": "eyJlMmJmYjczMC1lY2FhLTExZTYtOGY4OC0zNDM2M2JjN2M0YzAiOnsiY3JlYXRlIjoxMjAwMDAwMDAwMDAwLCJkZWxldGUiOjEyMDAwMDAwMDAwMDAsInVwZGF0ZSI6MTIwMDAwMDAwMDAwMH19"
        }
      ]
    },
    {
      "mode": "managed",
      "type": "google_compute_global_forwarding_rule",
      "name": "nomadcrew_http_rule",
      "provider": "provider[\"registry.terraform.io/hashicorp/google\"]",
      "instances": [
        {
          "schema_version": 0,
          "attributes": {
            "base_forwarding_rule": "",
            "description": "",
            "effective_labels": {},
            "forwarding_rule_id": 8763730631426497527,
            "id": "projects/nomadcrew-11fd4/global/forwardingRules/nomadcrew-http-rule",
            "ip_address": "34.8.95.33",
            "ip_protocol": "TCP",
            "ip_version": "",
            "label_fingerprint": "42WmSpB8rSM=",
            "labels": null,
            "load_balancing_scheme": "EXTERNAL",
            "metadata_filters": [],
            "name": "nomadcrew-http-rule",
            "network": "",
            "network_tier": "PREMIUM",
            "no_automate_dns_zone": null,
            "port_range": "80-80",
            "project": "nomadcrew-11fd4",
            "psc_connection_id": "",
            "psc_connection_status": "",
            "self_link": "https://www.googleapis.com/compute/v1/projects/nomadcrew-11fd4/global/forwardingRules/nomadcrew-http-rule",
            "service_directory_registrations": [],
            "source_ip_ranges": null,
            "subnetwork": "",
            "target": "https://www.googleapis.com/compute/v1/projects/nomadcrew-11fd4/global/targetHttpProxies/nomadcrew-http-proxy",
            "terraform_labels": {},
            "timeouts": null
          },
          "sensitive_attributes": [],
          "private": "eyJlMmJmYjczMC1lY2FhLTExZTYtOGY4OC0zNDM2M2JjN2M0YzAiOnsiY3JlYXRlIjoxMjAwMDAwMDAwMDAwLCJkZWxldGUiOjEyMDAwMDAwMDAwMDAsInVwZGF0ZSI6MTIwMDAwMDAwMDAwMH19",
          "dependencies": [
            "google_compute_global_address.nomadcrew_lb_ip",
            "google_compute_target_http_proxy.nomadcrew_http_proxy",
            "google_compute_url_map.http_redirect"
          ]
        }
      ]
    },
    {
      "mode": "managed",
      "type": "google_compute_global_forwarding_rule",
      "name": "nomadcrew_https_rule",
      "provider": "provider[\"registry.terraform.io/hashicorp/google\"]",
      "instances": [
        {
          "schema_version": 0,
          "attributes": {
            "base_forwarding_rule": "",
            "description": "",
            "effective_labels": {},
            "forwarding_rule_id": 3487378516769692587,
            "id": "projects/nomadcrew-11fd4/global/forwardingRules/nomadcrew-https-rule",
            "ip_address": "34.8.95.33",
            "ip_protocol": "TCP",
            "ip_version": "",
            "label_fingerprint": "42WmSpB8rSM=",
            "labels": null,
            "load_balancing_scheme": "EXTERNAL",
            "metadata_filters": [],
            "name": "nomadcrew-https-rule",
            "network": "",
            "network_tier": "PREMIUM",
            "no_automate_dns_zone": null,
            "port_range": "443-443",
            "project": "nomadcrew-11fd4",
            "psc_connection_id": "",
            "psc_connection_status": "",
            "self_link": "https://www.googleapis.com/compute/v1/projects/nomadcrew-11fd4/global/forwardingRules/nomadcrew-https-rule",
            "service_directory_registrations": [],
            "source_ip_ranges": null,
            "subnetwork": "",
            "target": "https://www.googleapis.com/compute/v1/projects/nomadcrew-11fd4/global/targetHttpsProxies/nomadcrew-https-proxy",
            "terraform_labels": {},
            "timeouts": null
          },
          "sensitive_attributes": [],
          "private": "eyJlMmJmYjczMC1lY2FhLTExZTYtOGY4OC0zNDM2M2JjN2M0YzAiOnsiY3JlYXRlIjoxMjAwMDAwMDAwMDAwLCJkZWxldGUiOjEyMDAwMDAwMDAwMDAsInVwZGF0ZSI6MTIwMDAwMDAwMDAwMH19",
          "dependencies": [
            "google_compute_backend_service.backend_backend",
            "google_compute_backend_service.preview_backend",
            "google_compute_global_address.nomadcrew_lb_ip",
            "google_compute_managed_ssl_certificate.nomadcrew_ssl_cert",
            "google_compute_region_network_endpoint_group.backend_neg",
            "google_compute_region_network_endpoint_group.preview_neg",
            "google_compute_target_https_proxy.nomadcrew_https_proxy",
            "google_compute_url_map.nomadcrew_url_map"
          ]
        }
      ]
    },
    {
      "mode": "managed",
      "type": "google_compute_managed_ssl_certificate",
      "name": "nomadcrew_ssl_cert",
      "provider": "provider[\"registry.terraform.io/hashicorp/google\"]",
      "instances": [
        {
          "schema_version": 0,
          "attributes": {
            "certificate_id": 5484203825946614766,
            "creation_timestamp": "2025-03-10T15:17:37.180-07:00",
            "description": "",
            "expire_time": "",
            "id": "projects/nomadcrew-11fd4/global/sslCertificates/nomadcrew-ssl-cert",
            "managed": [
              {
                "domains": [
                  "preview.nomadcrew.uk",
                  "api.nomadcrew.uk"
                ]
              }
            ],
            "name": "nomadcrew-ssl-cert",
            "project": "nomadcrew-11fd4",
            "self_link": "https://www.googleapis.com/compute/v1/projects/nomadcrew-11fd4/global/sslCertificates/nomadcrew-ssl-cert",
            "subject_alternative_names": [],
            "timeouts": null,
            "type": "MANAGED"
          },
          "sensitive_attributes": [],
          "private": "eyJlMmJmYjczMC1lY2FhLTExZTYtOGY4OC0zNDM2M2JjN2M0YzAiOnsiY3JlYXRlIjoxODAwMDAwMDAwMDAwLCJkZWxldGUiOjE4MDAwMDAwMDAwMDB9fQ=="
        }
      ]
    },
    {
      "mode": "managed",
      "type": "google_compute_region_network_endpoint_group",
      "name": "backend_neg",
      "provider": "provider[\"registry.terraform.io/hashicorp/google\"]",
      "instances": [
        {
          "schema_version": 0,
          "attributes": {
            "app_engine": [],
            "cloud_function": [],
            "cloud_run": [
              {
                "service": "nomadcrew-backend",
                "tag": "",
                "url_mask": ""
              }
            ],
            "description": "",
            "id": "projects/nomadcrew-11fd4/regions/us-east1/networkEndpointGroups/backend-neg",
            "name": "backend-neg",
            "network": "",
            "network_endpoint_type": "SERVERLESS",
            "project": "nomadcrew-11fd4",
            "psc_data": [],
            "psc_target_service": "",
            "region": "https://www.googleapis.com/compute/v1/projects/nomadcrew-11fd4/regions/us-east1",
            "self_link": "https://www.googleapis.com/compute/v1/projects/nomadcrew-11fd4/regions/us-east1/networkEndpointGroups/backend-neg",
            "subnetwork": "",
            "timeouts": null
          },
          "sensitive_attributes": [],
          "private": "eyJlMmJmYjczMC1lY2FhLTExZTYtOGY4OC0zNDM2M2JjN2M0YzAiOnsiY3JlYXRlIjoxMjAwMDAwMDAwMDAwLCJkZWxldGUiOjEyMDAwMDAwMDAwMDB9fQ=="
        }
      ]
    },
    {
      "mode": "managed",
      "type": "google_compute_region_network_endpoint_group",
      "name": "preview_neg",
      "provider": "provider[\"registry.terraform.io/hashicorp/google\"]",
      "instances": [
        {
          "schema_version": 0,
          "attributes": {
            "app_engine": [],
            "cloud_function": [],
            "cloud_run": [
              {
                "service": "preview-environment",
                "tag": "",
                "url_mask": ""
              }
            ],
            "description": "",
            "id": "projects/nomadcrew-11fd4/regions/us-east1/networkEndpointGroups/preview-neg",
            "name": "preview-neg",
            "network": "",
            "network_endpoint_type": "SERVERLESS",
            "project": "nomadcrew-11fd4",
            "psc_data": [],
            "psc_target_service": "",
            "region": "https://www.googleapis.com/compute/v1/projects/nomadcrew-11fd4/regions/us-east1",
            "self_link": "https://www.googleapis.com/compute/v1/projects/nomadcrew-11fd4/regions/us-east1/networkEndpointGroups/preview-neg",
            "subnetwork": "",
            "timeouts": null
          },
          "sensitive_attributes": [],
          "private": "eyJlMmJmYjczMC1lY2FhLTExZTYtOGY4OC0zNDM2M2JjN2M0YzAiOnsiY3JlYXRlIjoxMjAwMDAwMDAwMDAwLCJkZWxldGUiOjEyMDAwMDAwMDAwMDB9fQ=="
        }
      ]
    },
    {
      "mode": "managed",
      "type": "google_compute_target_http_proxy",
      "name": "nomadcrew_http_proxy",
      "provider": "provider[\"registry.terraform.io/hashicorp/google\"]",
      "instances": [
        {
          "schema_version": 0,
          "attributes": {
            "creation_timestamp": "2025-03-10T15:17:48.638-07:00",
            "description": "",
            "http_keep_alive_timeout_sec": 0,
            "id": "projects/nomadcrew-11fd4/global/targetHttpProxies/nomadcrew-http-proxy",
            "name": "nomadcrew-http-proxy",
            "project": "nomadcrew-11fd4",
            "proxy_bind": false,
            "proxy_id": 5758117663056518115,
            "self_link": "https://www.googleapis.com/compute/v1/projects/nomadcrew-11fd4/global/targetHttpProxies/nomadcrew-http-proxy",
            "timeouts": null,
            "url_map": "https://www.googleapis.com/compute/v1/projects/nomadcrew-11fd4/global/urlMaps/nomadcrew-http-redirect"
          },
          "sensitive_attributes": [],
          "private": "eyJlMmJmYjczMC1lY2FhLTExZTYtOGY4OC0zNDM2M2JjN2M0YzAiOnsiY3JlYXRlIjoxMjAwMDAwMDAwMDAwLCJkZWxldGUiOjEyMDAwMDAwMDAwMDAsInVwZGF0ZSI6MTIwMDAwMDAwMDAwMH19",
          "dependencies": [
            "google_compute_url_map.http_redirect"
          ]
        }
      ]
    },
    {
      "mode": "managed",
      "type": "google_compute_target_https_proxy",
      "name": "nomadcrew_https_proxy",
      "provider": "provider[\"registry.terraform.io/hashicorp/google\"]",
      "instances": [
        {
          "schema_version": 0,
          "attributes": {
            "certificate_manager_certificates": null,
            "certificate_map": "",
            "creation_timestamp": "2025-03-10T15:18:32.820-07:00",
            "description": "",
            "http_keep_alive_timeout_sec": 0,
            "id": "projects/nomadcrew-11fd4/global/targetHttpsProxies/nomadcrew-https-proxy",
            "name": "nomadcrew-https-proxy",
            "project": "nomadcrew-11fd4",
            "proxy_bind": false,
            "proxy_id": 2066009315506052055,
            "quic_override": "NONE",
            "self_link": "https://www.googleapis.com/compute/v1/projects/nomadcrew-11fd4/global/targetHttpsProxies/nomadcrew-https-proxy",
            "server_tls_policy": "",
            "ssl_certificates": [
              "https://www.googleapis.com/compute/v1/projects/nomadcrew-11fd4/global/sslCertificates/nomadcrew-ssl-cert"
            ],
            "ssl_policy": "",
            "timeouts": null,
            "tls_early_data": "DISABLED",
            "url_map": "https://www.googleapis.com/compute/v1/projects/nomadcrew-11fd4/global/urlMaps/nomadcrew-url-map"
          },
          "sensitive_attributes": [],
          "private": "eyJlMmJmYjczMC1lY2FhLTExZTYtOGY4OC0zNDM2M2JjN2M0YzAiOnsiY3JlYXRlIjoxMjAwMDAwMDAwMDAwLCJkZWxldGUiOjEyMDAwMDAwMDAwMDAsInVwZGF0ZSI6MTIwMDAwMDAwMDAwMH19",
          "dependencies": [
            "google_compute_backend_service.backend_backend",
            "google_compute_backend_service.preview_backend",
            "google_compute_managed_ssl_certificate.nomadcrew_ssl_cert",
            "google_compute_region_network_endpoint_group.backend_neg",
            "google_compute_region_network_endpoint_group.preview_neg",
            "google_compute_url_map.nomadcrew_url_map"
          ]
        }
      ]
    },
    {
      "mode": "managed",
      "type": "google_compute_url_map",
      "name": "http_redirect",
      "provider": "provider[\"registry.terraform.io/hashicorp/google\"]",
      "instances": [
        {
          "schema_version": 0,
          "attributes": {
            "creation_timestamp": "2025-03-10T15:17:37.223-07:00",
            "default_route_action": [],
            "default_service": "",
            "default_url_redirect": [
              {
                "host_redirect": "",
                "https_redirect": true,
                "path_redirect": "",
                "prefix_redirect": "",
                "redirect_response_code": "",
                "strip_query": false
              }
            ],
            "description": "",
            "fingerprint": "Y48ODeNDWcw=",
            "header_action": [],
            "host_rule": [],
            "id": "projects/nomadcrew-11fd4/global/urlMaps/nomadcrew-http-redirect",
            "map_id": 7127763144405081070,
            "name": "nomadcrew-http-redirect",
            "path_matcher": [],
            "project": "nomadcrew-11fd4",
            "self_link": "https://www.googleapis.com/compute/v1/projects/nomadcrew-11fd4/global/urlMaps/nomadcrew-http-redirect",
            "test": [],
            "timeouts": null
          },
          "sensitive_attributes": [],
          "private": "eyJlMmJmYjczMC1lY2FhLTExZTYtOGY4OC0zNDM2M2JjN2M0YzAiOnsiY3JlYXRlIjoxMjAwMDAwMDAwMDAwLCJkZWxldGUiOjEyMDAwMDAwMDAwMDAsInVwZGF0ZSI6MTIwMDAwMDAwMDAwMH19"
        }
      ]
    },
    {
      "mode": "managed",
      "type": "google_compute_url_map",
      "name": "nomadcrew_url_map",
      "provider": "provider[\"registry.terraform.io/hashicorp/google\"]",
      "instances": [
        {
          "schema_version": 0,
          "attributes": {
            "creation_timestamp": "2025-03-10T15:18:21.267-07:00",
            "default_route_action": [],
            "default_service": "https://www.googleapis.com/compute/v1/projects/nomadcrew-11fd4/global/backendServices/backend-backend",
            "default_url_redirect": [],
            "description": "",
            "fingerprint": "d0mQakwSxX0=",
            "header_action": [],
            "host_rule": [
              {
                "description": "",
                "hosts": [
                  "preview.nomadcrew.uk"
                ],
                "path_matcher": "preview-matcher"
              }
            ],
            "id": "projects/nomadcrew-11fd4/global/urlMaps/nomadcrew-url-map",
            "map_id": 6019890460844284866,
            "name": "nomadcrew-url-map",
            "path_matcher": [
              {
                "default_route_action": [],
                "default_service": "https://www.googleapis.com/compute/v1/projects/nomadcrew-11fd4/global/backendServices/preview-backend",
                "default_url_redirect": [],
                "description": "",
                "header_action": [],
                "name": "preview-matcher",
                "path_rule": [],
                "route_rules": []
              }
            ],
            "project": "nomadcrew-11fd4",
            "self_link": "https://www.googleapis.com/compute/v1/projects/nomadcrew-11fd4/global/urlMaps/nomadcrew-url-map",
            "test": [],
            "timeouts": null
          },
          "sensitive_attributes": [],
          "private": "eyJlMmJmYjczMC1lY2FhLTExZTYtOGY4OC0zNDM2M2JjN2M0YzAiOnsiY3JlYXRlIjoxMjAwMDAwMDAwMDAwLCJkZWxldGUiOjEyMDAwMDAwMDAwMDAsInVwZGF0ZSI6MTIwMDAwMDAwMDAwMH19",
          "dependencies": [
            "google_compute_backend_service.backend_backend",
            "google_compute_backend_service.preview_backend",
            "google_compute_region_network_endpoint_group.backend_neg",
            "google_compute_region_network_endpoint_group.preview_neg"
          ]
        }
      ]
    }
  ],
  "check_results": null
}
